
Microsoft Visual Studio Solution File, Format Version 12.00
# Visual Studio Version 17
VisualStudioVersion = 17.7.34031.279
MinimumVisualStudioVersion = 10.0.40219.1
Project("{FAE04EC0-301F-11D3-BF4B-00C04F79EFBC}") = "BiteBliss.Web", "BiteBliss.Web\BiteBliss.Web.csproj", "{F8539031-00B1-464A-8CDE-06583E08B446}"
EndProject
Project("{FAE04EC0-301F-11D3-BF4B-00C04F79EFBC}") = "BiteBliss.DataAccess", "BiteBliss.DataAccess\BiteBliss.DataAccess.csproj", "{B20AA799-FD3E-48C4-BADB-40E4D51BAC78}"
EndProject
Project("{FAE04EC0-301F-11D3-BF4B-00C04F79EFBC}") = "BiteBliss.Models", "BiteBliss.Models\BiteBliss.Models.csproj", "{082B0F15-3288-44A7-9F61-57EEE988D430}"
EndProject
Global
	GlobalSection(SolutionConfigurationPlatforms) = preSolution
		Debug|Any CPU = Debug|Any CPU
		Release|Any CPU = Release|Any CPU
	EndGlobalSection
	GlobalSection(ProjectConfigurationPlatforms) = postSolution
		{F8539031-00B1-464A-8CDE-06583E08B446}.Debug|Any CPU.ActiveCfg = Debug|Any CPU
		{F8539031-00B1-464A-8CDE-06583E08B446}.Debug|Any CPU.Build.0 = Debug|Any CPU
		{F8539031-00B1-464A-8CDE-06583E08B446}.Release|Any CPU.ActiveCfg = Release|Any CPU
		{F8539031-00B1-464A-8CDE-06583E08B446}.Release|Any CPU.Build.0 = Release|Any CPU
		{B20AA799-FD3E-48C4-BADB-40E4D51BAC78}.Debug|Any CPU.ActiveCfg = Debug|Any CPU
		{B20AA799-FD3E-48C4-BADB-40E4D51BAC78}.Debug|Any CPU.Build.0 = Debug|Any CPU
		{B20AA799-FD3E-48C4-BADB-40E4D51BAC78}.Release|Any CPU.ActiveCfg = Release|Any CPU
		{B20AA799-FD3E-48C4-BADB-40E4D51BAC78}.Release|Any CPU.Build.0 = Release|Any CPU
		{082B0F15-3288-44A7-9F61-57EEE988D430}.Debug|Any CPU.ActiveCfg = Debug|Any CPU
		{082B0F15-3288-44A7-9F61-57EEE988D430}.Debug|Any CPU.Build.0 = Debug|Any CPU
		{082B0F15-3288-44A7-9F61-57EEE988D430}.Release|Any CPU.ActiveCfg = Release|Any CPU
		{082B0F15-3288-44A7-9F61-57EEE988D430}.Release|Any CPU.Build.0 = Release|Any CPU
	EndGlobalSection
	GlobalSection(SolutionProperties) = preSolution
		HideSolutionNode = FALSE
	EndGlobalSection
	GlobalSection(ExtensibilityGlobals) = postSolution
		SolutionGuid = {9213CF70-DC74-44D6-8174-CD20D01A1A68}
	EndGlobalSection
EndGlobal
